
Microsoft Visual Studio Solution File, Format Version 11.00
# Visual Studio 2010
Project("{2150E333-8FDC-42A3-9474-1A3956D46DE8}") = "Solution Items", "Solution Items", "{7F83F06E-D7D4-42B8-AF8E-04FE868D1185}"
	ProjectSection(SolutionItems) = preProject
		LocalTestRun.testrunconfig = LocalTestRun.testrunconfig
		NisanWeb.vsmdi = NisanWeb.vsmdi
	EndProjectSection
EndProject
Project("{E24C65DC-7377-472B-9ABA-BC803B73C61A}") = "NisanWeb", "NisanWeb\", "{21918121-1757-41F4-BFFA-35DFE4308F78}"
	ProjectSection(WebsiteProperties) = preProject
		TargetFrameworkMoniker = ".NETFramework,Version%3Dv2.0"
		ProjectReferences = "{AA5C622B-9B36-4846-9DE6-72F846723920}|HLGranite.Nisan.dll;"
		Debug.AspNetCompiler.VirtualPath = "/NisanWeb"
		Debug.AspNetCompiler.PhysicalPath = "NisanWeb\"
		Debug.AspNetCompiler.TargetPath = "PrecompiledWeb\NisanWeb\"
		Debug.AspNetCompiler.Updateable = "true"
		Debug.AspNetCompiler.ForceOverwrite = "true"
		Debug.AspNetCompiler.FixedNames = "false"
		Debug.AspNetCompiler.Debug = "True"
		Release.AspNetCompiler.VirtualPath = "/NisanWeb"
		Release.AspNetCompiler.PhysicalPath = "NisanWeb\"
		Release.AspNetCompiler.TargetPath = "PrecompiledWeb\NisanWeb\"
		Release.AspNetCompiler.Updateable = "true"
		Release.AspNetCompiler.ForceOverwrite = "true"
		Release.AspNetCompiler.FixedNames = "false"
		Release.AspNetCompiler.Debug = "False"
		VWDPort = "54734"
		DefaultWebSiteLanguage = "Visual C#"
	EndProjectSection
EndProject
Project("{FAE04EC0-301F-11D3-BF4B-00C04F79EFBC}") = "HLGranite.Nisan", "HLGranite.Nisan\HLGranite.Nisan.csproj", "{AA5C622B-9B36-4846-9DE6-72F846723920}"
EndProject
Project("{C8D11400-126E-41CD-887F-60BD40844F9E}") = "NisanSQL", "NisanSQL\NisanSQL.dbproj", "{67CBC824-A49E-4E9B-A947-360F3DFE65C3}"
EndProject
Project("{FAE04EC0-301F-11D3-BF4B-00C04F79EFBC}") = "HLGranite.Nisan.Test", "HLGranite.Nisan.Test\HLGranite.Nisan.Test.csproj", "{261128B6-2D89-4B04-88AA-B9565CF97DA7}"
EndProject
Global
	GlobalSection(TestCaseManagementSettings) = postSolution
		CategoryFile = NisanWeb.vsmdi
	EndGlobalSection
	GlobalSection(SolutionConfigurationPlatforms) = preSolution
		Debug|Any CPU = Debug|Any CPU
		Release|Any CPU = Release|Any CPU
	EndGlobalSection
	GlobalSection(ProjectConfigurationPlatforms) = postSolution
		{21918121-1757-41F4-BFFA-35DFE4308F78}.Debug|Any CPU.ActiveCfg = Debug|Any CPU
		{21918121-1757-41F4-BFFA-35DFE4308F78}.Release|Any CPU.ActiveCfg = Debug|Any CPU
		{21918121-1757-41F4-BFFA-35DFE4308F78}.Release|Any CPU.Build.0 = Debug|Any CPU
		{AA5C622B-9B36-4846-9DE6-72F846723920}.Debug|Any CPU.ActiveCfg = Debug|Any CPU
		{AA5C622B-9B36-4846-9DE6-72F846723920}.Release|Any CPU.ActiveCfg = Release|Any CPU
		{AA5C622B-9B36-4846-9DE6-72F846723920}.Release|Any CPU.Build.0 = Release|Any CPU
		{67CBC824-A49E-4E9B-A947-360F3DFE65C3}.Debug|Any CPU.ActiveCfg = Debug|Any CPU
		{67CBC824-A49E-4E9B-A947-360F3DFE65C3}.Release|Any CPU.ActiveCfg = Release|Any CPU
		{261128B6-2D89-4B04-88AA-B9565CF97DA7}.Debug|Any CPU.ActiveCfg = Debug|Any CPU
		{261128B6-2D89-4B04-88AA-B9565CF97DA7}.Release|Any CPU.ActiveCfg = Release|Any CPU
		{261128B6-2D89-4B04-88AA-B9565CF97DA7}.Release|Any CPU.Build.0 = Release|Any CPU
	EndGlobalSection
	GlobalSection(SolutionProperties) = preSolution
		HideSolutionNode = FALSE
	EndGlobalSection
EndGlobal
